
Microsoft Visual Studio Solution File, Format Version 12.00
Project("{2150E333-8FDC-42A3-9474-1A3956D46DE8}") = "1-Common", "1-Common", "{795B207D-A95C-4FCC-B61B-9B81AAD0E46A}"
EndProject
Project("{2150E333-8FDC-42A3-9474-1A3956D46DE8}") = "2-Entities", "2-Entities", "{002A95E8-5C86-45CA-A11F-6E65BBE1FD70}"
EndProject
Project("{2150E333-8FDC-42A3-9474-1A3956D46DE8}") = "3-Data", "3-Data", "{A9E567F4-8994-4116-9BAC-A6AAB3AF9734}"
EndProject
Project("{2150E333-8FDC-42A3-9474-1A3956D46DE8}") = "4-Services", "4-Services", "{1999ADEB-70CE-4108-A7AB-77514E064385}"
EndProject
Project("{2150E333-8FDC-42A3-9474-1A3956D46DE8}") = "5-WebFramwork", "5-WebFramwork", "{1305FED9-0814-4073-BBC2-B4564CB103A9}"
EndProject
Project("{2150E333-8FDC-42A3-9474-1A3956D46DE8}") = "6-Car-Dealership", "6-Car-Dealership", "{045FE57C-D358-43D9-A28E-6D338CB52E62}"
EndProject
Project("{FAE04EC0-301F-11D3-BF4B-00C04F79EFBC}") = "Common", "Common\Common.csproj", "{C8C1A5B6-5A17-4229-9E72-424615585E89}"
EndProject
Project("{FAE04EC0-301F-11D3-BF4B-00C04F79EFBC}") = "Entities", "Entities\Entities.csproj", "{F0E211EF-71A6-4694-92C8-7F1B5929C124}"
EndProject
Project("{FAE04EC0-301F-11D3-BF4B-00C04F79EFBC}") = "Data", "Data\Data.csproj", "{6CF6AB05-DA95-40DE-BA81-49DC39CF91EB}"
EndProject
Project("{FAE04EC0-301F-11D3-BF4B-00C04F79EFBC}") = "Services", "Services\Services.csproj", "{52C540E1-3C2F-4379-A69A-D6EFBCA9D37C}"
EndProject
Project("{FAE04EC0-301F-11D3-BF4B-00C04F79EFBC}") = "WebFramwork", "WebFramwork\WebFramwork.csproj", "{0C0E09C9-7AA6-4F45-A3AD-A75DE30C40CB}"
EndProject
Project("{FAE04EC0-301F-11D3-BF4B-00C04F79EFBC}") = "CarDealership", "CarDealership\CarDealership.csproj", "{C1852910-3AFA-4AB7-B73A-4E4AE04D84C1}"
EndProject
Global
	GlobalSection(SolutionConfigurationPlatforms) = preSolution
		Debug|Any CPU = Debug|Any CPU
		Release|Any CPU = Release|Any CPU
	EndGlobalSection
	GlobalSection(ProjectConfigurationPlatforms) = postSolution
		{C8C1A5B6-5A17-4229-9E72-424615585E89}.Debug|Any CPU.ActiveCfg = Debug|Any CPU
		{C8C1A5B6-5A17-4229-9E72-424615585E89}.Debug|Any CPU.Build.0 = Debug|Any CPU
		{C8C1A5B6-5A17-4229-9E72-424615585E89}.Release|Any CPU.ActiveCfg = Release|Any CPU
		{C8C1A5B6-5A17-4229-9E72-424615585E89}.Release|Any CPU.Build.0 = Release|Any CPU
		{F0E211EF-71A6-4694-92C8-7F1B5929C124}.Debug|Any CPU.ActiveCfg = Debug|Any CPU
		{F0E211EF-71A6-4694-92C8-7F1B5929C124}.Debug|Any CPU.Build.0 = Debug|Any CPU
		{F0E211EF-71A6-4694-92C8-7F1B5929C124}.Release|Any CPU.ActiveCfg = Release|Any CPU
		{F0E211EF-71A6-4694-92C8-7F1B5929C124}.Release|Any CPU.Build.0 = Release|Any CPU
		{6CF6AB05-DA95-40DE-BA81-49DC39CF91EB}.Debug|Any CPU.ActiveCfg = Debug|Any CPU
		{6CF6AB05-DA95-40DE-BA81-49DC39CF91EB}.Debug|Any CPU.Build.0 = Debug|Any CPU
		{6CF6AB05-DA95-40DE-BA81-49DC39CF91EB}.Release|Any CPU.ActiveCfg = Release|Any CPU
		{6CF6AB05-DA95-40DE-BA81-49DC39CF91EB}.Release|Any CPU.Build.0 = Release|Any CPU
		{52C540E1-3C2F-4379-A69A-D6EFBCA9D37C}.Debug|Any CPU.ActiveCfg = Debug|Any CPU
		{52C540E1-3C2F-4379-A69A-D6EFBCA9D37C}.Debug|Any CPU.Build.0 = Debug|Any CPU
		{52C540E1-3C2F-4379-A69A-D6EFBCA9D37C}.Release|Any CPU.ActiveCfg = Release|Any CPU
		{52C540E1-3C2F-4379-A69A-D6EFBCA9D37C}.Release|Any CPU.Build.0 = Release|Any CPU
		{0C0E09C9-7AA6-4F45-A3AD-A75DE30C40CB}.Debug|Any CPU.ActiveCfg = Debug|Any CPU
		{0C0E09C9-7AA6-4F45-A3AD-A75DE30C40CB}.Debug|Any CPU.Build.0 = Debug|Any CPU
		{0C0E09C9-7AA6-4F45-A3AD-A75DE30C40CB}.Release|Any CPU.ActiveCfg = Release|Any CPU
		{0C0E09C9-7AA6-4F45-A3AD-A75DE30C40CB}.Release|Any CPU.Build.0 = Release|Any CPU
		{C1852910-3AFA-4AB7-B73A-4E4AE04D84C1}.Debug|Any CPU.ActiveCfg = Debug|Any CPU
		{C1852910-3AFA-4AB7-B73A-4E4AE04D84C1}.Debug|Any CPU.Build.0 = Debug|Any CPU
		{C1852910-3AFA-4AB7-B73A-4E4AE04D84C1}.Release|Any CPU.ActiveCfg = Release|Any CPU
		{C1852910-3AFA-4AB7-B73A-4E4AE04D84C1}.Release|Any CPU.Build.0 = Release|Any CPU
	EndGlobalSection
	GlobalSection(NestedProjects) = preSolution
		{C8C1A5B6-5A17-4229-9E72-424615585E89} = {795B207D-A95C-4FCC-B61B-9B81AAD0E46A}
		{F0E211EF-71A6-4694-92C8-7F1B5929C124} = {002A95E8-5C86-45CA-A11F-6E65BBE1FD70}
		{6CF6AB05-DA95-40DE-BA81-49DC39CF91EB} = {A9E567F4-8994-4116-9BAC-A6AAB3AF9734}
		{52C540E1-3C2F-4379-A69A-D6EFBCA9D37C} = {1999ADEB-70CE-4108-A7AB-77514E064385}
		{0C0E09C9-7AA6-4F45-A3AD-A75DE30C40CB} = {1305FED9-0814-4073-BBC2-B4564CB103A9}
		{C1852910-3AFA-4AB7-B73A-4E4AE04D84C1} = {045FE57C-D358-43D9-A28E-6D338CB52E62}
	EndGlobalSection
EndGlobal
